// !$*UTF8*$!
{
	archiveVersion = 1;
	classes = {
	};
	objectVersion = 50;
	objects = {

/* Begin PBXBuildFile section */
		07FF5D0423252EC2004F7CB1 /* AppDelegate.swift in Sources */ = {isa = PBXBuildFile; fileRef = 07FF5D0323252EC2004F7CB1 /* AppDelegate.swift */; };
		07FF5D0723252EC2004F7CB1 /* GetirToDoApp.xcdatamodeld in Sources */ = {isa = PBXBuildFile; fileRef = 07FF5D0523252EC2004F7CB1 /* GetirToDoApp.xcdatamodeld */; };
		07FF5D0E23252EC2004F7CB1 /* Main.storyboard in Resources */ = {isa = PBXBuildFile; fileRef = 07FF5D0C23252EC2004F7CB1 /* Main.storyboard */; };
		07FF5D1023252EC4004F7CB1 /* Assets.xcassets in Resources */ = {isa = PBXBuildFile; fileRef = 07FF5D0F23252EC4004F7CB1 /* Assets.xcassets */; };
		07FF5D1323252EC4004F7CB1 /* LaunchScreen.storyboard in Resources */ = {isa = PBXBuildFile; fileRef = 07FF5D1123252EC4004F7CB1 /* LaunchScreen.storyboard */; };
		07FF5D1E23252EC4004F7CB1 /* GetirToDoAppTests.swift in Sources */ = {isa = PBXBuildFile; fileRef = 07FF5D1D23252EC4004F7CB1 /* GetirToDoAppTests.swift */; };
		07FF5D2923252EC4004F7CB1 /* GetirToDoAppUITests.swift in Sources */ = {isa = PBXBuildFile; fileRef = 07FF5D2823252EC4004F7CB1 /* GetirToDoAppUITests.swift */; };
		07FF5D39232534CC004F7CB1 /* ItemListViewController.swift in Sources */ = {isa = PBXBuildFile; fileRef = 07FF5D38232534CC004F7CB1 /* ItemListViewController.swift */; };
		07FF5D3B232534E0004F7CB1 /* ItemListInteractor.swift in Sources */ = {isa = PBXBuildFile; fileRef = 07FF5D3A232534E0004F7CB1 /* ItemListInteractor.swift */; };
		07FF5D3D232534ED004F7CB1 /* ItemListCoordinator.swift in Sources */ = {isa = PBXBuildFile; fileRef = 07FF5D3C232534ED004F7CB1 /* ItemListCoordinator.swift */; };
		07FF5D402325375D004F7CB1 /* BaseInteractor.swift in Sources */ = {isa = PBXBuildFile; fileRef = 07FF5D3F2325375D004F7CB1 /* BaseInteractor.swift */; };
		07FF5D4723253A9F004F7CB1 /* Any+Utilities.swift in Sources */ = {isa = PBXBuildFile; fileRef = 07FF5D4623253A9F004F7CB1 /* Any+Utilities.swift */; };
		07FF5D4A23253BB8004F7CB1 /* DataManager.swift in Sources */ = {isa = PBXBuildFile; fileRef = 07FF5D4923253BB8004F7CB1 /* DataManager.swift */; };
		07FF5D4D23254389004F7CB1 /* ItemViewModel.swift in Sources */ = {isa = PBXBuildFile; fileRef = 07FF5D4C23254389004F7CB1 /* ItemViewModel.swift */; };
		07FF5D4F23254CC7004F7CB1 /* Date+Utilities.swift in Sources */ = {isa = PBXBuildFile; fileRef = 07FF5D4E23254CC7004F7CB1 /* Date+Utilities.swift */; };
		07FF5D5123254FDB004F7CB1 /* String+Utilities.swift in Sources */ = {isa = PBXBuildFile; fileRef = 07FF5D5023254FDB004F7CB1 /* String+Utilities.swift */; };
		07FF5D5323255792004F7CB1 /* Array+Utilities.swift in Sources */ = {isa = PBXBuildFile; fileRef = 07FF5D5223255792004F7CB1 /* Array+Utilities.swift */; };
		07FF5D5723255A8D004F7CB1 /* ItemDetailViewController.swift in Sources */ = {isa = PBXBuildFile; fileRef = 07FF5D5623255A8D004F7CB1 /* ItemDetailViewController.swift */; };
		07FF5D5923255AC7004F7CB1 /* ItemDetailInteractor.swift in Sources */ = {isa = PBXBuildFile; fileRef = 07FF5D5823255AC7004F7CB1 /* ItemDetailInteractor.swift */; };
		07FF5D5B23255AD0004F7CB1 /* ItemDetailCoordinator.swift in Sources */ = {isa = PBXBuildFile; fileRef = 07FF5D5A23255AD0004F7CB1 /* ItemDetailCoordinator.swift */; };
/* End PBXBuildFile section */

/* Begin PBXContainerItemProxy section */
		07FF5D1A23252EC4004F7CB1 /* PBXContainerItemProxy */ = {
			isa = PBXContainerItemProxy;
			containerPortal = 07FF5CF823252EC2004F7CB1 /* Project object */;
			proxyType = 1;
			remoteGlobalIDString = 07FF5CFF23252EC2004F7CB1;
			remoteInfo = GetirToDoApp;
		};
		07FF5D2523252EC4004F7CB1 /* PBXContainerItemProxy */ = {
			isa = PBXContainerItemProxy;
			containerPortal = 07FF5CF823252EC2004F7CB1 /* Project object */;
			proxyType = 1;
			remoteGlobalIDString = 07FF5CFF23252EC2004F7CB1;
			remoteInfo = GetirToDoApp;
		};
/* End PBXContainerItemProxy section */

/* Begin PBXFileReference section */
		07FF5D0023252EC2004F7CB1 /* GetirToDoApp.app */ = {isa = PBXFileReference; explicitFileType = wrapper.application; includeInIndex = 0; path = GetirToDoApp.app; sourceTree = BUILT_PRODUCTS_DIR; };
		07FF5D0323252EC2004F7CB1 /* AppDelegate.swift */ = {isa = PBXFileReference; lastKnownFileType = sourcecode.swift; path = AppDelegate.swift; sourceTree = "<group>"; };
		07FF5D0623252EC2004F7CB1 /* GetirToDoApp.xcdatamodel */ = {isa = PBXFileReference; lastKnownFileType = wrapper.xcdatamodel; path = GetirToDoApp.xcdatamodel; sourceTree = "<group>"; };
		07FF5D0D23252EC2004F7CB1 /* Base */ = {isa = PBXFileReference; lastKnownFileType = file.storyboard; name = Base; path = Base.lproj/Main.storyboard; sourceTree = "<group>"; };
		07FF5D0F23252EC4004F7CB1 /* Assets.xcassets */ = {isa = PBXFileReference; lastKnownFileType = folder.assetcatalog; path = Assets.xcassets; sourceTree = "<group>"; };
		07FF5D1223252EC4004F7CB1 /* Base */ = {isa = PBXFileReference; lastKnownFileType = file.storyboard; name = Base; path = Base.lproj/LaunchScreen.storyboard; sourceTree = "<group>"; };
		07FF5D1423252EC4004F7CB1 /* Info.plist */ = {isa = PBXFileReference; lastKnownFileType = text.plist.xml; path = Info.plist; sourceTree = "<group>"; };
		07FF5D1923252EC4004F7CB1 /* GetirToDoAppTests.xctest */ = {isa = PBXFileReference; explicitFileType = wrapper.cfbundle; includeInIndex = 0; path = GetirToDoAppTests.xctest; sourceTree = BUILT_PRODUCTS_DIR; };
		07FF5D1D23252EC4004F7CB1 /* GetirToDoAppTests.swift */ = {isa = PBXFileReference; lastKnownFileType = sourcecode.swift; path = GetirToDoAppTests.swift; sourceTree = "<group>"; };
		07FF5D1F23252EC4004F7CB1 /* Info.plist */ = {isa = PBXFileReference; lastKnownFileType = text.plist.xml; path = Info.plist; sourceTree = "<group>"; };
		07FF5D2423252EC4004F7CB1 /* GetirToDoAppUITests.xctest */ = {isa = PBXFileReference; explicitFileType = wrapper.cfbundle; includeInIndex = 0; path = GetirToDoAppUITests.xctest; sourceTree = BUILT_PRODUCTS_DIR; };
		07FF5D2823252EC4004F7CB1 /* GetirToDoAppUITests.swift */ = {isa = PBXFileReference; lastKnownFileType = sourcecode.swift; path = GetirToDoAppUITests.swift; sourceTree = "<group>"; };
		07FF5D2A23252EC4004F7CB1 /* Info.plist */ = {isa = PBXFileReference; lastKnownFileType = text.plist.xml; path = Info.plist; sourceTree = "<group>"; };
		07FF5D38232534CC004F7CB1 /* ItemListViewController.swift */ = {isa = PBXFileReference; lastKnownFileType = sourcecode.swift; path = ItemListViewController.swift; sourceTree = "<group>"; };
		07FF5D3A232534E0004F7CB1 /* ItemListInteractor.swift */ = {isa = PBXFileReference; lastKnownFileType = sourcecode.swift; path = ItemListInteractor.swift; sourceTree = "<group>"; };
		07FF5D3C232534ED004F7CB1 /* ItemListCoordinator.swift */ = {isa = PBXFileReference; lastKnownFileType = sourcecode.swift; path = ItemListCoordinator.swift; sourceTree = "<group>"; };
		07FF5D3F2325375D004F7CB1 /* BaseInteractor.swift */ = {isa = PBXFileReference; lastKnownFileType = sourcecode.swift; path = BaseInteractor.swift; sourceTree = "<group>"; };
		07FF5D4623253A9F004F7CB1 /* Any+Utilities.swift */ = {isa = PBXFileReference; lastKnownFileType = sourcecode.swift; path = "Any+Utilities.swift"; sourceTree = "<group>"; };
		07FF5D4923253BB8004F7CB1 /* DataManager.swift */ = {isa = PBXFileReference; lastKnownFileType = sourcecode.swift; path = DataManager.swift; sourceTree = "<group>"; };
		07FF5D4C23254389004F7CB1 /* ItemViewModel.swift */ = {isa = PBXFileReference; lastKnownFileType = sourcecode.swift; path = ItemViewModel.swift; sourceTree = "<group>"; };
		07FF5D4E23254CC7004F7CB1 /* Date+Utilities.swift */ = {isa = PBXFileReference; lastKnownFileType = sourcecode.swift; path = "Date+Utilities.swift"; sourceTree = "<group>"; };
		07FF5D5023254FDB004F7CB1 /* String+Utilities.swift */ = {isa = PBXFileReference; lastKnownFileType = sourcecode.swift; path = "String+Utilities.swift"; sourceTree = "<group>"; };
		07FF5D5223255792004F7CB1 /* Array+Utilities.swift */ = {isa = PBXFileReference; lastKnownFileType = sourcecode.swift; path = "Array+Utilities.swift"; sourceTree = "<group>"; };
		07FF5D5623255A8D004F7CB1 /* ItemDetailViewController.swift */ = {isa = PBXFileReference; lastKnownFileType = sourcecode.swift; path = ItemDetailViewController.swift; sourceTree = "<group>"; };
		07FF5D5823255AC7004F7CB1 /* ItemDetailInteractor.swift */ = {isa = PBXFileReference; lastKnownFileType = sourcecode.swift; path = ItemDetailInteractor.swift; sourceTree = "<group>"; };
		07FF5D5A23255AD0004F7CB1 /* ItemDetailCoordinator.swift */ = {isa = PBXFileReference; lastKnownFileType = sourcecode.swift; path = ItemDetailCoordinator.swift; sourceTree = "<group>"; };
/* End PBXFileReference section */

/* Begin PBXFrameworksBuildPhase section */
		07FF5CFD23252EC2004F7CB1 /* Frameworks */ = {
			isa = PBXFrameworksBuildPhase;
			buildActionMask = 2147483647;
			files = (
			);
			runOnlyForDeploymentPostprocessing = 0;
		};
		07FF5D1623252EC4004F7CB1 /* Frameworks */ = {
			isa = PBXFrameworksBuildPhase;
			buildActionMask = 2147483647;
			files = (
			);
			runOnlyForDeploymentPostprocessing = 0;
		};
		07FF5D2123252EC4004F7CB1 /* Frameworks */ = {
			isa = PBXFrameworksBuildPhase;
			buildActionMask = 2147483647;
			files = (
			);
			runOnlyForDeploymentPostprocessing = 0;
		};
/* End PBXFrameworksBuildPhase section */

/* Begin PBXGroup section */
		07FF5CF723252EC2004F7CB1 = {
			isa = PBXGroup;
			children = (
				07FF5D0223252EC2004F7CB1 /* GetirToDoApp */,
				07FF5D1C23252EC4004F7CB1 /* GetirToDoAppTests */,
				07FF5D2723252EC4004F7CB1 /* GetirToDoAppUITests */,
				07FF5D0123252EC2004F7CB1 /* Products */,
			);
			sourceTree = "<group>";
		};
		07FF5D0123252EC2004F7CB1 /* Products */ = {
			isa = PBXGroup;
			children = (
				07FF5D0023252EC2004F7CB1 /* GetirToDoApp.app */,
				07FF5D1923252EC4004F7CB1 /* GetirToDoAppTests.xctest */,
				07FF5D2423252EC4004F7CB1 /* GetirToDoAppUITests.xctest */,
			);
			name = Products;
			sourceTree = "<group>";
		};
		07FF5D0223252EC2004F7CB1 /* GetirToDoApp */ = {
			isa = PBXGroup;
			children = (
				07FF5D4823253BAB004F7CB1 /* DataManager */,
				07FF5D36232534A1004F7CB1 /* Scenes */,
				07FF5D0323252EC2004F7CB1 /* AppDelegate.swift */,
				07FF5D4323253A3D004F7CB1 /* Extensions */,
				07FF5D0C23252EC2004F7CB1 /* Main.storyboard */,
				07FF5D0F23252EC4004F7CB1 /* Assets.xcassets */,
				07FF5D1123252EC4004F7CB1 /* LaunchScreen.storyboard */,
				07FF5D1423252EC4004F7CB1 /* Info.plist */,
				07FF5D0523252EC2004F7CB1 /* GetirToDoApp.xcdatamodeld */,
			);
			path = GetirToDoApp;
			sourceTree = "<group>";
		};
		07FF5D1C23252EC4004F7CB1 /* GetirToDoAppTests */ = {
			isa = PBXGroup;
			children = (
				07FF5D1D23252EC4004F7CB1 /* GetirToDoAppTests.swift */,
				07FF5D1F23252EC4004F7CB1 /* Info.plist */,
			);
			path = GetirToDoAppTests;
			sourceTree = "<group>";
		};
		07FF5D2723252EC4004F7CB1 /* GetirToDoAppUITests */ = {
			isa = PBXGroup;
			children = (
				07FF5D2823252EC4004F7CB1 /* GetirToDoAppUITests.swift */,
				07FF5D2A23252EC4004F7CB1 /* Info.plist */,
			);
			path = GetirToDoAppUITests;
			sourceTree = "<group>";
		};
		07FF5D36232534A1004F7CB1 /* Scenes */ = {
			isa = PBXGroup;
			children = (
				07FF5D5523255A68004F7CB1 /* Detail */,
				07FF5D3E23253751004F7CB1 /* Base */,
				07FF5D37232534AA004F7CB1 /* Listing */,
			);
			path = Scenes;
			sourceTree = "<group>";
		};
		07FF5D37232534AA004F7CB1 /* Listing */ = {
			isa = PBXGroup;
			children = (
				07FF5D4B23254375004F7CB1 /* ViewModel */,
				07FF5D38232534CC004F7CB1 /* ItemListViewController.swift */,
				07FF5D3A232534E0004F7CB1 /* ItemListInteractor.swift */,
				07FF5D3C232534ED004F7CB1 /* ItemListCoordinator.swift */,
			);
			path = Listing;
			sourceTree = "<group>";
		};
		07FF5D3E23253751004F7CB1 /* Base */ = {
			isa = PBXGroup;
			children = (
				07FF5D3F2325375D004F7CB1 /* BaseInteractor.swift */,
			);
			path = Base;
			sourceTree = "<group>";
		};
		07FF5D4323253A3D004F7CB1 /* Extensions */ = {
			isa = PBXGroup;
			children = (
				07FF5D4623253A9F004F7CB1 /* Any+Utilities.swift */,
				07FF5D4E23254CC7004F7CB1 /* Date+Utilities.swift */,
				07FF5D5023254FDB004F7CB1 /* String+Utilities.swift */,
				07FF5D5223255792004F7CB1 /* Array+Utilities.swift */,
			);
			path = Extensions;
			sourceTree = "<group>";
		};
		07FF5D4823253BAB004F7CB1 /* DataManager */ = {
			isa = PBXGroup;
			children = (
				07FF5D4923253BB8004F7CB1 /* DataManager.swift */,
			);
			path = DataManager;
			sourceTree = "<group>";
		};
		07FF5D4B23254375004F7CB1 /* ViewModel */ = {
			isa = PBXGroup;
			children = (
				07FF5D4C23254389004F7CB1 /* ItemViewModel.swift */,
			);
			path = ViewModel;
			sourceTree = "<group>";
		};
		07FF5D5523255A68004F7CB1 /* Detail */ = {
			isa = PBXGroup;
			children = (
				07FF5D5623255A8D004F7CB1 /* ItemDetailViewController.swift */,
				07FF5D5823255AC7004F7CB1 /* ItemDetailInteractor.swift */,
				07FF5D5A23255AD0004F7CB1 /* ItemDetailCoordinator.swift */,
			);
			path = Detail;
			sourceTree = "<group>";
		};
/* End PBXGroup section */

/* Begin PBXNativeTarget section */
		07FF5CFF23252EC2004F7CB1 /* GetirToDoApp */ = {
			isa = PBXNativeTarget;
			buildConfigurationList = 07FF5D2D23252EC4004F7CB1 /* Build configuration list for PBXNativeTarget "GetirToDoApp" */;
			buildPhases = (
				07FF5CFC23252EC2004F7CB1 /* Sources */,
				07FF5CFD23252EC2004F7CB1 /* Frameworks */,
				07FF5CFE23252EC2004F7CB1 /* Resources */,
			);
			buildRules = (
			);
			dependencies = (
			);
			name = GetirToDoApp;
			productName = GetirToDoApp;
			productReference = 07FF5D0023252EC2004F7CB1 /* GetirToDoApp.app */;
			productType = "com.apple.product-type.application";
		};
		07FF5D1823252EC4004F7CB1 /* GetirToDoAppTests */ = {
			isa = PBXNativeTarget;
			buildConfigurationList = 07FF5D3023252EC4004F7CB1 /* Build configuration list for PBXNativeTarget "GetirToDoAppTests" */;
			buildPhases = (
				07FF5D1523252EC4004F7CB1 /* Sources */,
				07FF5D1623252EC4004F7CB1 /* Frameworks */,
				07FF5D1723252EC4004F7CB1 /* Resources */,
			);
			buildRules = (
			);
			dependencies = (
				07FF5D1B23252EC4004F7CB1 /* PBXTargetDependency */,
			);
			name = GetirToDoAppTests;
			productName = GetirToDoAppTests;
			productReference = 07FF5D1923252EC4004F7CB1 /* GetirToDoAppTests.xctest */;
			productType = "com.apple.product-type.bundle.unit-test";
		};
		07FF5D2323252EC4004F7CB1 /* GetirToDoAppUITests */ = {
			isa = PBXNativeTarget;
			buildConfigurationList = 07FF5D3323252EC4004F7CB1 /* Build configuration list for PBXNativeTarget "GetirToDoAppUITests" */;
			buildPhases = (
				07FF5D2023252EC4004F7CB1 /* Sources */,
				07FF5D2123252EC4004F7CB1 /* Frameworks */,
				07FF5D2223252EC4004F7CB1 /* Resources */,
			);
			buildRules = (
			);
			dependencies = (
				07FF5D2623252EC4004F7CB1 /* PBXTargetDependency */,
			);
			name = GetirToDoAppUITests;
			productName = GetirToDoAppUITests;
			productReference = 07FF5D2423252EC4004F7CB1 /* GetirToDoAppUITests.xctest */;
			productType = "com.apple.product-type.bundle.ui-testing";
		};
/* End PBXNativeTarget section */

/* Begin PBXProject section */
		07FF5CF823252EC2004F7CB1 /* Project object */ = {
			isa = PBXProject;
			attributes = {
				LastSwiftUpdateCheck = 1020;
				LastUpgradeCheck = 1020;
				ORGANIZATIONNAME = "Töre Bayındır";
				TargetAttributes = {
					07FF5CFF23252EC2004F7CB1 = {
						CreatedOnToolsVersion = 10.2.1;
					};
					07FF5D1823252EC4004F7CB1 = {
						CreatedOnToolsVersion = 10.2.1;
						TestTargetID = 07FF5CFF23252EC2004F7CB1;
					};
					07FF5D2323252EC4004F7CB1 = {
						CreatedOnToolsVersion = 10.2.1;
						TestTargetID = 07FF5CFF23252EC2004F7CB1;
					};
				};
			};
			buildConfigurationList = 07FF5CFB23252EC2004F7CB1 /* Build configuration list for PBXProject "GetirToDoApp" */;
			compatibilityVersion = "Xcode 9.3";
			developmentRegion = en;
			hasScannedForEncodings = 0;
			knownRegions = (
				en,
				Base,
			);
			mainGroup = 07FF5CF723252EC2004F7CB1;
			productRefGroup = 07FF5D0123252EC2004F7CB1 /* Products */;
			projectDirPath = "";
			projectRoot = "";
			targets = (
				07FF5CFF23252EC2004F7CB1 /* GetirToDoApp */,
				07FF5D1823252EC4004F7CB1 /* GetirToDoAppTests */,
				07FF5D2323252EC4004F7CB1 /* GetirToDoAppUITests */,
			);
		};
/* End PBXProject section */

/* Begin PBXResourcesBuildPhase section */
		07FF5CFE23252EC2004F7CB1 /* Resources */ = {
			isa = PBXResourcesBuildPhase;
			buildActionMask = 2147483647;
			files = (
				07FF5D1323252EC4004F7CB1 /* LaunchScreen.storyboard in Resources */,
				07FF5D1023252EC4004F7CB1 /* Assets.xcassets in Resources */,
				07FF5D0E23252EC2004F7CB1 /* Main.storyboard in Resources */,
			);
			runOnlyForDeploymentPostprocessing = 0;
		};
		07FF5D1723252EC4004F7CB1 /* Resources */ = {
			isa = PBXResourcesBuildPhase;
			buildActionMask = 2147483647;
			files = (
			);
			runOnlyForDeploymentPostprocessing = 0;
		};
		07FF5D2223252EC4004F7CB1 /* Resources */ = {
			isa = PBXResourcesBuildPhase;
			buildActionMask = 2147483647;
			files = (
			);
			runOnlyForDeploymentPostprocessing = 0;
		};
/* End PBXResourcesBuildPhase section */

/* Begin PBXSourcesBuildPhase section */
		07FF5CFC23252EC2004F7CB1 /* Sources */ = {
			isa = PBXSourcesBuildPhase;
			buildActionMask = 2147483647;
			files = (
				07FF5D0423252EC2004F7CB1 /* AppDelegate.swift in Sources */,
				07FF5D4A23253BB8004F7CB1 /* DataManager.swift in Sources */,
				07FF5D5323255792004F7CB1 /* Array+Utilities.swift in Sources */,
				07FF5D5B23255AD0004F7CB1 /* ItemDetailCoordinator.swift in Sources */,
				07FF5D0723252EC2004F7CB1 /* GetirToDoApp.xcdatamodeld in Sources */,
				07FF5D3B232534E0004F7CB1 /* ItemListInteractor.swift in Sources */,
				07FF5D4F23254CC7004F7CB1 /* Date+Utilities.swift in Sources */,
				07FF5D5123254FDB004F7CB1 /* String+Utilities.swift in Sources */,
				07FF5D3D232534ED004F7CB1 /* ItemListCoordinator.swift in Sources */,
				07FF5D4D23254389004F7CB1 /* ItemViewModel.swift in Sources */,
				07FF5D4723253A9F004F7CB1 /* Any+Utilities.swift in Sources */,
				07FF5D5723255A8D004F7CB1 /* ItemDetailViewController.swift in Sources */,
				07FF5D5923255AC7004F7CB1 /* ItemDetailInteractor.swift in Sources */,
				07FF5D39232534CC004F7CB1 /* ItemListViewController.swift in Sources */,
				07FF5D402325375D004F7CB1 /* BaseInteractor.swift in Sources */,
			);
			runOnlyForDeploymentPostprocessing = 0;
		};
		07FF5D1523252EC4004F7CB1 /* Sources */ = {
			isa = PBXSourcesBuildPhase;
			buildActionMask = 2147483647;
			files = (
				07FF5D1E23252EC4004F7CB1 /* GetirToDoAppTests.swift in Sources */,
			);
			runOnlyForDeploymentPostprocessing = 0;
		};
		07FF5D2023252EC4004F7CB1 /* Sources */ = {
			isa = PBXSourcesBuildPhase;
			buildActionMask = 2147483647;
			files = (
				07FF5D2923252EC4004F7CB1 /* GetirToDoAppUITests.swift in Sources */,
			);
			runOnlyForDeploymentPostprocessing = 0;
		};
/* End PBXSourcesBuildPhase section */

/* Begin PBXTargetDependency section */
		07FF5D1B23252EC4004F7CB1 /* PBXTargetDependency */ = {
			isa = PBXTargetDependency;
			target = 07FF5CFF23252EC2004F7CB1 /* GetirToDoApp */;
			targetProxy = 07FF5D1A23252EC4004F7CB1 /* PBXContainerItemProxy */;
		};
		07FF5D2623252EC4004F7CB1 /* PBXTargetDependency */ = {
			isa = PBXTargetDependency;
			target = 07FF5CFF23252EC2004F7CB1 /* GetirToDoApp */;
			targetProxy = 07FF5D2523252EC4004F7CB1 /* PBXContainerItemProxy */;
		};
/* End PBXTargetDependency section */

/* Begin PBXVariantGroup section */
		07FF5D0C23252EC2004F7CB1 /* Main.storyboard */ = {
			isa = PBXVariantGroup;
			children = (
				07FF5D0D23252EC2004F7CB1 /* Base */,
			);
			name = Main.storyboard;
			sourceTree = "<group>";
		};
		07FF5D1123252EC4004F7CB1 /* LaunchScreen.storyboard */ = {
			isa = PBXVariantGroup;
			children = (
				07FF5D1223252EC4004F7CB1 /* Base */,
			);
			name = LaunchScreen.storyboard;
			sourceTree = "<group>";
		};
/* End PBXVariantGroup section */

/* Begin XCBuildConfiguration section */
		07FF5D2B23252EC4004F7CB1 /* Debug */ = {
			isa = XCBuildConfiguration;
			buildSettings = {
				ALWAYS_SEARCH_USER_PATHS = NO;
				CLANG_ANALYZER_NONNULL = YES;
				CLANG_ANALYZER_NUMBER_OBJECT_CONVERSION = YES_AGGRESSIVE;
				CLANG_CXX_LANGUAGE_STANDARD = "gnu++14";
				CLANG_CXX_LIBRARY = "libc++";
				CLANG_ENABLE_MODULES = YES;
				CLANG_ENABLE_OBJC_ARC = YES;
				CLANG_ENABLE_OBJC_WEAK = YES;
				CLANG_WARN_BLOCK_CAPTURE_AUTORELEASING = YES;
				CLANG_WARN_BOOL_CONVERSION = YES;
				CLANG_WARN_COMMA = YES;
				CLANG_WARN_CONSTANT_CONVERSION = YES;
				CLANG_WARN_DEPRECATED_OBJC_IMPLEMENTATIONS = YES;
				CLANG_WARN_DIRECT_OBJC_ISA_USAGE = YES_ERROR;
				CLANG_WARN_DOCUMENTATION_COMMENTS = YES;
				CLANG_WARN_EMPTY_BODY = YES;
				CLANG_WARN_ENUM_CONVERSION = YES;
				CLANG_WARN_INFINITE_RECURSION = YES;
				CLANG_WARN_INT_CONVERSION = YES;
				CLANG_WARN_NON_LITERAL_NULL_CONVERSION = YES;
				CLANG_WARN_OBJC_IMPLICIT_RETAIN_SELF = YES;
				CLANG_WARN_OBJC_LITERAL_CONVERSION = YES;
				CLANG_WARN_OBJC_ROOT_CLASS = YES_ERROR;
				CLANG_WARN_RANGE_LOOP_ANALYSIS = YES;
				CLANG_WARN_STRICT_PROTOTYPES = YES;
				CLANG_WARN_SUSPICIOUS_MOVE = YES;
				CLANG_WARN_UNGUARDED_AVAILABILITY = YES_AGGRESSIVE;
				CLANG_WARN_UNREACHABLE_CODE = YES;
				CLANG_WARN__DUPLICATE_METHOD_MATCH = YES;
				CODE_SIGN_IDENTITY = "iPhone Developer";
				COPY_PHASE_STRIP = NO;
				DEBUG_INFORMATION_FORMAT = dwarf;
				ENABLE_STRICT_OBJC_MSGSEND = YES;
				ENABLE_TESTABILITY = YES;
				GCC_C_LANGUAGE_STANDARD = gnu11;
				GCC_DYNAMIC_NO_PIC = NO;
				GCC_NO_COMMON_BLOCKS = YES;
				GCC_OPTIMIZATION_LEVEL = 0;
				GCC_PREPROCESSOR_DEFINITIONS = (
					"DEBUG=1",
					"$(inherited)",
				);
				GCC_WARN_64_TO_32_BIT_CONVERSION = YES;
				GCC_WARN_ABOUT_RETURN_TYPE = YES_ERROR;
				GCC_WARN_UNDECLARED_SELECTOR = YES;
				GCC_WARN_UNINITIALIZED_AUTOS = YES_AGGRESSIVE;
				GCC_WARN_UNUSED_FUNCTION = YES;
				GCC_WARN_UNUSED_VARIABLE = YES;
				IPHONEOS_DEPLOYMENT_TARGET = 12.2;
				MTL_ENABLE_DEBUG_INFO = INCLUDE_SOURCE;
				MTL_FAST_MATH = YES;
				ONLY_ACTIVE_ARCH = YES;
				SDKROOT = iphoneos;
				SWIFT_ACTIVE_COMPILATION_CONDITIONS = DEBUG;
				SWIFT_OPTIMIZATION_LEVEL = "-Onone";
			};
			name = Debug;
		};
		07FF5D2C23252EC4004F7CB1 /* Release */ = {
			isa = XCBuildConfiguration;
			buildSettings = {
				ALWAYS_SEARCH_USER_PATHS = NO;
				CLANG_ANALYZER_NONNULL = YES;
				CLANG_ANALYZER_NUMBER_OBJECT_CONVERSION = YES_AGGRESSIVE;
				CLANG_CXX_LANGUAGE_STANDARD = "gnu++14";
				CLANG_CXX_LIBRARY = "libc++";
				CLANG_ENABLE_MODULES = YES;
				CLANG_ENABLE_OBJC_ARC = YES;
				CLANG_ENABLE_OBJC_WEAK = YES;
				CLANG_WARN_BLOCK_CAPTURE_AUTORELEASING = YES;
				CLANG_WARN_BOOL_CONVERSION = YES;
				CLANG_WARN_COMMA = YES;
				CLANG_WARN_CONSTANT_CONVERSION = YES;
				CLANG_WARN_DEPRECATED_OBJC_IMPLEMENTATIONS = YES;
				CLANG_WARN_DIRECT_OBJC_ISA_USAGE = YES_ERROR;
				CLANG_WARN_DOCUMENTATION_COMMENTS = YES;
				CLANG_WARN_EMPTY_BODY = YES;
				CLANG_WARN_ENUM_CONVERSION = YES;
				CLANG_WARN_INFINITE_RECURSION = YES;
				CLANG_WARN_INT_CONVERSION = YES;
				CLANG_WARN_NON_LITERAL_NULL_CONVERSION = YES;
				CLANG_WARN_OBJC_IMPLICIT_RETAIN_SELF = YES;
				CLANG_WARN_OBJC_LITERAL_CONVERSION = YES;
				CLANG_WARN_OBJC_ROOT_CLASS = YES_ERROR;
				CLANG_WARN_RANGE_LOOP_ANALYSIS = YES;
				CLANG_WARN_STRICT_PROTOTYPES = YES;
				CLANG_WARN_SUSPICIOUS_MOVE = YES;
				CLANG_WARN_UNGUARDED_AVAILABILITY = YES_AGGRESSIVE;
				CLANG_WARN_UNREACHABLE_CODE = YES;
				CLANG_WARN__DUPLICATE_METHOD_MATCH = YES;
				CODE_SIGN_IDENTITY = "iPhone Developer";
				COPY_PHASE_STRIP = NO;
				DEBUG_INFORMATION_FORMAT = "dwarf-with-dsym";
				ENABLE_NS_ASSERTIONS = NO;
				ENABLE_STRICT_OBJC_MSGSEND = YES;
				GCC_C_LANGUAGE_STANDARD = gnu11;
				GCC_NO_COMMON_BLOCKS = YES;
				GCC_WARN_64_TO_32_BIT_CONVERSION = YES;
				GCC_WARN_ABOUT_RETURN_TYPE = YES_ERROR;
				GCC_WARN_UNDECLARED_SELECTOR = YES;
				GCC_WARN_UNINITIALIZED_AUTOS = YES_AGGRESSIVE;
				GCC_WARN_UNUSED_FUNCTION = YES;
				GCC_WARN_UNUSED_VARIABLE = YES;
				IPHONEOS_DEPLOYMENT_TARGET = 12.2;
				MTL_ENABLE_DEBUG_INFO = NO;
				MTL_FAST_MATH = YES;
				SDKROOT = iphoneos;
				SWIFT_COMPILATION_MODE = wholemodule;
				SWIFT_OPTIMIZATION_LEVEL = "-O";
				VALIDATE_PRODUCT = YES;
			};
			name = Release;
		};
		07FF5D2E23252EC4004F7CB1 /* Debug */ = {
			isa = XCBuildConfiguration;
			buildSettings = {
				ASSETCATALOG_COMPILER_APPICON_NAME = AppIcon;
				CODE_SIGN_STYLE = Automatic;
				DEVELOPMENT_TEAM = 2SMQY238UN;
				INFOPLIST_FILE = GetirToDoApp/Info.plist;
				LD_RUNPATH_SEARCH_PATHS = (
					"$(inherited)",
					"@executable_path/Frameworks",
				);
				PRODUCT_BUNDLE_IDENTIFIER = getir.GetirToDoApp;
				PRODUCT_NAME = "$(TARGET_NAME)";
				SWIFT_VERSION = 5.0;
				TARGETED_DEVICE_FAMILY = "1,2";
			};
			name = Debug;
		};
		07FF5D2F23252EC4004F7CB1 /* Release */ = {
			isa = XCBuildConfiguration;
			buildSettings = {
				ASSETCATALOG_COMPILER_APPICON_NAME = AppIcon;
				CODE_SIGN_STYLE = Automatic;
				DEVELOPMENT_TEAM = 2SMQY238UN;
				INFOPLIST_FILE = GetirToDoApp/Info.plist;
				LD_RUNPATH_SEARCH_PATHS = (
					"$(inherited)",
					"@executable_path/Frameworks",
				);
				PRODUCT_BUNDLE_IDENTIFIER = getir.GetirToDoApp;
				PRODUCT_NAME = "$(TARGET_NAME)";
				SWIFT_VERSION = 5.0;
				TARGETED_DEVICE_FAMILY = "1,2";
			};
			name = Release;
		};
		07FF5D3123252EC4004F7CB1 /* Debug */ = {
			isa = XCBuildConfiguration;
			buildSettings = {
				ALWAYS_EMBED_SWIFT_STANDARD_LIBRARIES = YES;
				BUNDLE_LOADER = "$(TEST_HOST)";
				CODE_SIGN_STYLE = Automatic;
				DEVELOPMENT_TEAM = 2SMQY238UN;
				INFOPLIST_FILE = GetirToDoAppTests/Info.plist;
				LD_RUNPATH_SEARCH_PATHS = (
					"$(inherited)",
					"@executable_path/Frameworks",
					"@loader_path/Frameworks",
				);
				PRODUCT_BUNDLE_IDENTIFIER = getir.GetirToDoAppTests;
				PRODUCT_NAME = "$(TARGET_NAME)";
				SWIFT_VERSION = 5.0;
				TARGETED_DEVICE_FAMILY = "1,2";
				TEST_HOST = "$(BUILT_PRODUCTS_DIR)/GetirToDoApp.app/GetirToDoApp";
			};
			name = Debug;
		};
		07FF5D3223252EC4004F7CB1 /* Release */ = {
			isa = XCBuildConfiguration;
			buildSettings = {
				ALWAYS_EMBED_SWIFT_STANDARD_LIBRARIES = YES;
				BUNDLE_LOADER = "$(TEST_HOST)";
				CODE_SIGN_STYLE = Automatic;
				DEVELOPMENT_TEAM = 2SMQY238UN;
				INFOPLIST_FILE = GetirToDoAppTests/Info.plist;
				LD_RUNPATH_SEARCH_PATHS = (
					"$(inherited)",
					"@executable_path/Frameworks",
					"@loader_path/Frameworks",
				);
				PRODUCT_BUNDLE_IDENTIFIER = getir.GetirToDoAppTests;
				PRODUCT_NAME = "$(TARGET_NAME)";
				SWIFT_VERSION = 5.0;
				TARGETED_DEVICE_FAMILY = "1,2";
				TEST_HOST = "$(BUILT_PRODUCTS_DIR)/GetirToDoApp.app/GetirToDoApp";
			};
			name = Release;
		};
		07FF5D3423252EC4004F7CB1 /* Debug */ = {
			isa = XCBuildConfiguration;
			buildSettings = {
				ALWAYS_EMBED_SWIFT_STANDARD_LIBRARIES = YES;
				CODE_SIGN_STYLE = Automatic;
				DEVELOPMENT_TEAM = 2SMQY238UN;
				INFOPLIST_FILE = GetirToDoAppUITests/Info.plist;
				LD_RUNPATH_SEARCH_PATHS = (
					"$(inherited)",
					"@executable_path/Frameworks",
					"@loader_path/Frameworks",
				);
				PRODUCT_BUNDLE_IDENTIFIER = getir.GetirToDoAppUITests;
				PRODUCT_NAME = "$(TARGET_NAME)";
				SWIFT_VERSION = 5.0;
				TARGETED_DEVICE_FAMILY = "1,2";
				TEST_TARGET_NAME = GetirToDoApp;
			};
			name = Debug;
		};
		07FF5D3523252EC4004F7CB1 /* Release */ = {
			isa = XCBuildConfiguration;
			buildSettings = {
				ALWAYS_EMBED_SWIFT_STANDARD_LIBRARIES = YES;
				CODE_SIGN_STYLE = Automatic;
				DEVELOPMENT_TEAM = 2SMQY238UN;
				INFOPLIST_FILE = GetirToDoAppUITests/Info.plist;
				LD_RUNPATH_SEARCH_PATHS = (
					"$(inherited)",
					"@executable_path/Frameworks",
					"@loader_path/Frameworks",
				);
				PRODUCT_BUNDLE_IDENTIFIER = getir.GetirToDoAppUITests;
				PRODUCT_NAME = "$(TARGET_NAME)";
				SWIFT_VERSION = 5.0;
				TARGETED_DEVICE_FAMILY = "1,2";
				TEST_TARGET_NAME = GetirToDoApp;
			};
			name = Release;
		};
/* End XCBuildConfiguration section */

/* Begin XCConfigurationList section */
		07FF5CFB23252EC2004F7CB1 /* Build configuration list for PBXProject "GetirToDoApp" */ = {
			isa = XCConfigurationList;
			buildConfigurations = (
				07FF5D2B23252EC4004F7CB1 /* Debug */,
				07FF5D2C23252EC4004F7CB1 /* Release */,
			);
			defaultConfigurationIsVisible = 0;
			defaultConfigurationName = Release;
		};
		07FF5D2D23252EC4004F7CB1 /* Build configuration list for PBXNativeTarget "GetirToDoApp" */ = {
			isa = XCConfigurationList;
			buildConfigurations = (
				07FF5D2E23252EC4004F7CB1 /* Debug */,
				07FF5D2F23252EC4004F7CB1 /* Release */,
			);
			defaultConfigurationIsVisible = 0;
			defaultConfigurationName = Release;
		};
		07FF5D3023252EC4004F7CB1 /* Build configuration list for PBXNativeTarget "GetirToDoAppTests" */ = {
			isa = XCConfigurationList;
			buildConfigurations = (
				07FF5D3123252EC4004F7CB1 /* Debug */,
				07FF5D3223252EC4004F7CB1 /* Release */,
			);
			defaultConfigurationIsVisible = 0;
			defaultConfigurationName = Release;
		};
		07FF5D3323252EC4004F7CB1 /* Build configuration list for PBXNativeTarget "GetirToDoAppUITests" */ = {
			isa = XCConfigurationList;
			buildConfigurations = (
				07FF5D3423252EC4004F7CB1 /* Debug */,
				07FF5D3523252EC4004F7CB1 /* Release */,
			);
			defaultConfigurationIsVisible = 0;
			defaultConfigurationName = Release;
		};
/* End XCConfigurationList section */

/* Begin XCVersionGroup section */
		07FF5D0523252EC2004F7CB1 /* GetirToDoApp.xcdatamodeld */ = {
			isa = XCVersionGroup;
			children = (
				07FF5D0623252EC2004F7CB1 /* GetirToDoApp.xcdatamodel */,
			);
			currentVersion = 07FF5D0623252EC2004F7CB1 /* GetirToDoApp.xcdatamodel */;
			path = GetirToDoApp.xcdatamodeld;
			sourceTree = "<group>";
			versionGroupType = wrapper.xcdatamodel;
		};
/* End XCVersionGroup section */
	};
	rootObject = 07FF5CF823252EC2004F7CB1 /* Project object */;
}
